// !$*UTF8*$!
{
	archiveVersion = 1;
	classes = {
	};
	objectVersion = 46;
	objects = {

/* Begin PBXBuildFile section */
		3B98EC651C33C8DE00696FF3 /* AppDelegate.swift in Sources */ = {isa = PBXBuildFile; fileRef = 3B98EC641C33C8DE00696FF3 /* AppDelegate.swift */; };
		3B98EC671C33C8DE00696FF3 /* ViewController.swift in Sources */ = {isa = PBXBuildFile; fileRef = 3B98EC661C33C8DE00696FF3 /* ViewController.swift */; };
		3B98EC6A1C33C8DE00696FF3 /* Main.storyboard in Resources */ = {isa = PBXBuildFile; fileRef = 3B98EC681C33C8DE00696FF3 /* Main.storyboard */; };
		3B98EC6C1C33C8DE00696FF3 /* Assets.xcassets in Resources */ = {isa = PBXBuildFile; fileRef = 3B98EC6B1C33C8DE00696FF3 /* Assets.xcassets */; };
		3B98EC6F1C33C8DE00696FF3 /* LaunchScreen.storyboard in Resources */ = {isa = PBXBuildFile; fileRef = 3B98EC6D1C33C8DE00696FF3 /* LaunchScreen.storyboard */; };
/* End PBXBuildFile section */

/* Begin PBXFileReference section */
		3B98EC611C33C8DE00696FF3 /* Pokedex-by-MrRobot.app */ = {isa = PBXFileReference; explicitFileType = wrapper.application; includeInIndex = 0; path = "Pokedex-by-MrRobot.app"; sourceTree = BUILT_PRODUCTS_DIR; };
		3B98EC641C33C8DE00696FF3 /* AppDelegate.swift */ = {isa = PBXFileReference; lastKnownFileType = sourcecode.swift; path = AppDelegate.swift; sourceTree = "<group>"; };
		3B98EC661C33C8DE00696FF3 /* ViewController.swift */ = {isa = PBXFileReference; lastKnownFileType = sourcecode.swift; path = ViewController.swift; sourceTree = "<group>"; };
		3B98EC691C33C8DE00696FF3 /* Base */ = {isa = PBXFileReference; lastKnownFileType = file.storyboard; name = Base; path = Base.lproj/Main.storyboard; sourceTree = "<group>"; };
		3B98EC6B1C33C8DE00696FF3 /* Assets.xcassets */ = {isa = PBXFileReference; lastKnownFileType = folder.assetcatalog; path = Assets.xcassets; sourceTree = "<group>"; };
		3B98EC6E1C33C8DE00696FF3 /* Base */ = {isa = PBXFileReference; lastKnownFileType = file.storyboard; name = Base; path = Base.lproj/LaunchScreen.storyboard; sourceTree = "<group>"; };
		3B98EC701C33C8DE00696FF3 /* Info.plist */ = {isa = PBXFileReference; lastKnownFileType = text.plist.xml; path = Info.plist; sourceTree = "<group>"; };
/* End PBXFileReference section */

/* Begin PBXFrameworksBuildPhase section */
		3B98EC5E1C33C8DE00696FF3 /* Frameworks */ = {
			isa = PBXFrameworksBuildPhase;
			buildActionMask = 2147483647;
			files = (
			);
			runOnlyForDeploymentPostprocessing = 0;
		};
/* End PBXFrameworksBuildPhase section */

/* Begin PBXGroup section */
		3B98EC581C33C8DE00696FF3 = {
			isa = PBXGroup;
			children = (
				3B98EC631C33C8DE00696FF3 /* Pokedex-by-MrRobot */,
				3B98EC621C33C8DE00696FF3 /* Products */,
			);
			sourceTree = "<group>";
		};
		3B98EC621C33C8DE00696FF3 /* Products */ = {
			isa = PBXGroup;
			children = (
				3B98EC611C33C8DE00696FF3 /* Pokedex-by-MrRobot.app */,
			);
			name = Products;
			sourceTree = "<group>";
		};
		3B98EC631C33C8DE00696FF3 /* Pokedex-by-MrRobot */ = {
			isa = PBXGroup;
			children = (
				3B98EC641C33C8DE00696FF3 /* AppDelegate.swift */,
				3B98EC661C33C8DE00696FF3 /* ViewController.swift */,
				3B98EC681C33C8DE00696FF3 /* Main.storyboard */,
				3B98EC6B1C33C8DE00696FF3 /* Assets.xcassets */,
				3B98EC6D1C33C8DE00696FF3 /* LaunchScreen.storyboard */,
				3B98EC701C33C8DE00696FF3 /* Info.plist */,
			);
			path = "Pokedex-by-MrRobot";
			sourceTree = "<group>";
		};
/* End PBXGroup section */

/* Begin PBXNativeTarget section */
		3B98EC601C33C8DE00696FF3 /* Pokedex-by-MrRobot */ = {
			isa = PBXNativeTarget;
			buildConfigurationList = 3B98EC731C33C8DE00696FF3 /* Build configuration list for PBXNativeTarget "Pokedex-by-MrRobot" */;
			buildPhases = (
				3B98EC5D1C33C8DE00696FF3 /* Sources */,
				3B98EC5E1C33C8DE00696FF3 /* Frameworks */,
				3B98EC5F1C33C8DE00696FF3 /* Resources */,
			);
			buildRules = (
			);
			dependencies = (
			);
			name = "Pokedex-by-MrRobot";
			productName = "Pokedex-by-MrRobot";
			productReference = 3B98EC611C33C8DE00696FF3 /* Pokedex-by-MrRobot.app */;
			productType = "com.apple.product-type.application";
		};
/* End PBXNativeTarget section */

/* Begin PBXProject section */
		3B98EC591C33C8DE00696FF3 /* Project object */ = {
			isa = PBXProject;
			attributes = {
				LastSwiftUpdateCheck = 0710;
				LastUpgradeCheck = 0710;
				ORGANIZATIONNAME = MrRobot;
				TargetAttributes = {
					3B98EC601C33C8DE00696FF3 = {
						CreatedOnToolsVersion = 7.1.1;
						DevelopmentTeam = JRC85PS362;
					};
				};
			};
			buildConfigurationList = 3B98EC5C1C33C8DE00696FF3 /* Build configuration list for PBXProject "Pokedex-by-MrRobot" */;
			compatibilityVersion = "Xcode 3.2";
			developmentRegion = English;
			hasScannedForEncodings = 0;
			knownRegions = (
				en,
				Base,
			);
			mainGroup = 3B98EC581C33C8DE00696FF3;
			productRefGroup = 3B98EC621C33C8DE00696FF3 /* Products */;
			projectDirPath = "";
			projectRoot = "";
			targets = (
				3B98EC601C33C8DE00696FF3 /* Pokedex-by-MrRobot */,
			);
		};
/* End PBXProject section */

/* Begin PBXResourcesBuildPhase section */
		3B98EC5F1C33C8DE00696FF3 /* Resources */ = {
			isa = PBXResourcesBuildPhase;
			buildActionMask = 2147483647;
			files = (
				3B98EC6F1C33C8DE00696FF3 /* LaunchScreen.storyboard in Resources */,
				3B98EC6C1C33C8DE00696FF3 /* Assets.xcassets in Resources */,
				3B98EC6A1C33C8DE00696FF3 /* Main.storyboard in Resources */,
			);
			runOnlyForDeploymentPostprocessing = 0;
		};
/* End PBXResourcesBuildPhase section */

/* Begin PBXSourcesBuildPhase section */
		3B98EC5D1C33C8DE00696FF3 /* Sources */ = {
			isa = PBXSourcesBuildPhase;
			buildActionMask = 2147483647;
			files = (
				3B98EC671C33C8DE00696FF3 /* ViewController.swift in Sources */,
				3B98EC651C33C8DE00696FF3 /* AppDelegate.swift in Sources */,
			);
			runOnlyForDeploymentPostprocessing = 0;
		};
/* End PBXSourcesBuildPhase section */

/* Begin PBXVariantGroup section */
		3B98EC681C33C8DE00696FF3 /* Main.storyboard */ = {
			isa = PBXVariantGroup;
			children = (
				3B98EC691C33C8DE00696FF3 /* Base */,
			);
			name = Main.storyboard;
			sourceTree = "<group>";
		};
		3B98EC6D1C33C8DE00696FF3 /* LaunchScreen.storyboard */ = {
			isa = PBXVariantGroup;
			children = (
				3B98EC6E1C33C8DE00696FF3 /* Base */,
			);
			name = LaunchScreen.storyboard;
			sourceTree = "<group>";
		};
/* End PBXVariantGroup section */

/* Begin XCBuildConfiguration section */
		3B98EC711C33C8DE00696FF3 /* Debug */ = {
			isa = XCBuildConfiguration;
			buildSettings = {
				ALWAYS_SEARCH_USER_PATHS = NO;
				CLANG_CXX_LANGUAGE_STANDARD = "gnu++0x";
				CLANG_CXX_LIBRARY = "libc++";
				CLANG_ENABLE_MODULES = YES;
				CLANG_ENABLE_OBJC_ARC = YES;
				CLANG_WARN_BOOL_CONVERSION = YES;
				CLANG_WARN_CONSTANT_CONVERSION = YES;
				CLANG_WARN_DIRECT_OBJC_ISA_USAGE = YES_ERROR;
				CLANG_WARN_EMPTY_BODY = YES;
				CLANG_WARN_ENUM_CONVERSION = YES;
				CLANG_WARN_INT_CONVERSION = YES;
				CLANG_WARN_OBJC_ROOT_CLASS = YES_ERROR;
				CLANG_WARN_UNREACHABLE_CODE = YES;
				CLANG_WARN__DUPLICATE_METHOD_MATCH = YES;
				"CODE_SIGN_IDENTITY[sdk=iphoneos*]" = "iPhone Developer";
				COPY_PHASE_STRIP = NO;
				DEBUG_INFORMATION_FORMAT = dwarf;
				ENABLE_STRICT_OBJC_MSGSEND = YES;
				ENABLE_TESTABILITY = YES;
				GCC_C_LANGUAGE_STANDARD = gnu99;
				GCC_DYNAMIC_NO_PIC = NO;
				GCC_NO_COMMON_BLOCKS = YES;
				GCC_OPTIMIZATION_LEVEL = 0;
				GCC_PREPROCESSOR_DEFINITIONS = (
					"DEBUG=1",
					"$(inherited)",
				);
				GCC_WARN_64_TO_32_BIT_CONVERSION = YES;
				GCC_WARN_ABOUT_RETURN_TYPE = YES_ERROR;
				GCC_WARN_UNDECLARED_SELECTOR = YES;
				GCC_WARN_UNINITIALIZED_AUTOS = YES_AGGRESSIVE;
				GCC_WARN_UNUSED_FUNCTION = YES;
				GCC_WARN_UNUSED_VARIABLE = YES;
				IPHONEOS_DEPLOYMENT_TARGET = 9.1;
				MTL_ENABLE_DEBUG_INFO = YES;
				ONLY_ACTIVE_ARCH = YES;
				SDKROOT = iphoneos;
				SWIFT_OPTIMIZATION_LEVEL = "-Onone";
				TARGETED_DEVICE_FAMILY = "1,2";
			};
			name = Debug;
		};
		3B98EC721C33C8DE00696FF3 /* Release */ = {
			isa = XCBuildConfiguration;
			buildSettings = {
				ALWAYS_SEARCH_USER_PATHS = NO;
				CLANG_CXX_LANGUAGE_STANDARD = "gnu++0x";
				CLANG_CXX_LIBRARY = "libc++";
				CLANG_ENABLE_MODULES = YES;
				CLANG_ENABLE_OBJC_ARC = YES;
				CLANG_WARN_BOOL_CONVERSION = YES;
				CLANG_WARN_CONSTANT_CONVERSION = YES;
				CLANG_WARN_DIRECT_OBJC_ISA_USAGE = YES_ERROR;
				CLANG_WARN_EMPTY_BODY = YES;
				CLANG_WARN_ENUM_CONVERSION = YES;
				CLANG_WARN_INT_CONVERSION = YES;
				CLANG_WARN_OBJC_ROOT_CLASS = YES_ERROR;
				CLANG_WARN_UNREACHABLE_CODE = YES;
				CLANG_WARN__DUPLICATE_METHOD_MATCH = YES;
				"CODE_SIGN_IDENTITY[sdk=iphoneos*]" = "iPhone Developer";
				COPY_PHASE_STRIP = NO;
				DEBUG_INFORMATION_FORMAT = "dwarf-with-dsym";
				ENABLE_NS_ASSERTIONS = NO;
				ENABLE_STRICT_OBJC_MSGSEND = YES;
				GCC_C_LANGUAGE_STANDARD = gnu99;
				GCC_NO_COMMON_BLOCKS = YES;
				GCC_WARN_64_TO_32_BIT_CONVERSION = YES;
				GCC_WARN_ABOUT_RETURN_TYPE = YES_ERROR;
				GCC_WARN_UNDECLARED_SELECTOR = YES;
				GCC_WARN_UNINITIALIZED_AUTOS = YES_AGGRESSIVE;
				GCC_WARN_UNUSED_FUNCTION = YES;
				GCC_WARN_UNUSED_VARIABLE = YES;
				IPHONEOS_DEPLOYMENT_TARGET = 9.1;
				MTL_ENABLE_DEBUG_INFO = NO;
				SDKROOT = iphoneos;
				TARGETED_DEVICE_FAMILY = "1,2";
				VALIDATE_PRODUCT = YES;
			};
			name = Release;
		};
		3B98EC741C33C8DE00696FF3 /* Debug */ = {
			isa = XCBuildConfiguration;
			buildSettings = {
				ASSETCATALOG_COMPILER_APPICON_NAME = AppIcon;
				INFOPLIST_FILE = "Pokedex-by-MrRobot/Info.plist";
				LD_RUNPATH_SEARCH_PATHS = "$(inherited) @executable_path/Frameworks";
				PRODUCT_BUNDLE_IDENTIFIER = "com.MrRobot.Pokedex-by-MrRobot";
				PRODUCT_NAME = "$(TARGET_NAME)";
			};
			name = Debug;
		};
		3B98EC751C33C8DE00696FF3 /* Release */ = {
			isa = XCBuildConfiguration;
			buildSettings = {
				ASSETCATALOG_COMPILER_APPICON_NAME = AppIcon;
				INFOPLIST_FILE = "Pokedex-by-MrRobot/Info.plist";
				LD_RUNPATH_SEARCH_PATHS = "$(inherited) @executable_path/Frameworks";
				PRODUCT_BUNDLE_IDENTIFIER = "com.MrRobot.Pokedex-by-MrRobot";
				PRODUCT_NAME = "$(TARGET_NAME)";
			};
			name = Release;
		};
/* End XCBuildConfiguration section */

/* Begin XCConfigurationList section */
		3B98EC5C1C33C8DE00696FF3 /* Build configuration list for PBXProject "Pokedex-by-MrRobot" */ = {
			isa = XCConfigurationList;
			buildConfigurations = (
				3B98EC711C33C8DE00696FF3 /* Debug */,
				3B98EC721C33C8DE00696FF3 /* Release */,
			);
			defaultConfigurationIsVisible = 0;
			defaultConfigurationName = Release;
		};
		3B98EC731C33C8DE00696FF3 /* Build configuration list for PBXNativeTarget "Pokedex-by-MrRobot" */ = {
			isa = XCConfigurationList;
			buildConfigurations = (
				3B98EC741C33C8DE00696FF3 /* Debug */,
				3B98EC751C33C8DE00696FF3 /* Release */,
			);
			defaultConfigurationIsVisible = 0;
		};
/* End XCConfigurationList section */
	};
	rootObject = 3B98EC591C33C8DE00696FF3 /* Project object */;
}
